
Microsoft Visual Studio Solution File, Format Version 12.00
# Visual Studio Version 17
VisualStudioVersion = 17.6.33712.159
MinimumVisualStudioVersion = 10.0.40219.1
Project("{FAE04EC0-301F-11D3-BF4B-00C04F79EFBC}") = "ParcialitoDBF1", "ParcialitoDBF1\ParcialitoDBF1.csproj", "{CEEAEFAD-C85F-4F4B-901C-8C8B49A65375}"
EndProject
Global
	GlobalSection(SolutionConfigurationPlatforms) = preSolution
		Debug|Any CPU = Debug|Any CPU
		Release|Any CPU = Release|Any CPU
	EndGlobalSection
	GlobalSection(ProjectConfigurationPlatforms) = postSolution
		{CEEAEFAD-C85F-4F4B-901C-8C8B49A65375}.Debug|Any CPU.ActiveCfg = Debug|Any CPU
		{CEEAEFAD-C85F-4F4B-901C-8C8B49A65375}.Debug|Any CPU.Build.0 = Debug|Any CPU
		{CEEAEFAD-C85F-4F4B-901C-8C8B49A65375}.Release|Any CPU.ActiveCfg = Release|Any CPU
		{CEEAEFAD-C85F-4F4B-901C-8C8B49A65375}.Release|Any CPU.Build.0 = Release|Any CPU
	EndGlobalSection
	GlobalSection(SolutionProperties) = preSolution
		HideSolutionNode = FALSE
	EndGlobalSection
	GlobalSection(ExtensibilityGlobals) = postSolution
		SolutionGuid = {EF8FA126-4AA6-4F2B-8EB2-AD77087F5F05}
	EndGlobalSection
EndGlobal
